// !$*UTF8*$!
{
	archiveVersion = 1;
	classes = {
	};
	objectVersion = 46;
	objects = {

/* Begin PBXBuildFile section */
		99204B731DBE4B28001FF121 /* Tweet.swift in Sources */ = {isa = PBXBuildFile; fileRef = 99204B721DBE4B28001FF121 /* Tweet.swift */; };
		9937FD751DC58DBC00D55464 /* TweetDetailViewController.swift in Sources */ = {isa = PBXBuildFile; fileRef = 9937FD741DC58DBC00D55464 /* TweetDetailViewController.swift */; };
		9937FD771DC5982900D55464 /* NewTweetViewController.swift in Sources */ = {isa = PBXBuildFile; fileRef = 9937FD761DC5982900D55464 /* NewTweetViewController.swift */; };
		995952EA1DBF904E00FD765A /* User.swift in Sources */ = {isa = PBXBuildFile; fileRef = 995952E91DBF904E00FD765A /* User.swift */; };
		995952EC1DBF95A700FD765A /* TwitterClient.swift in Sources */ = {isa = PBXBuildFile; fileRef = 995952EB1DBF95A700FD765A /* TwitterClient.swift */; };
		996A1DA51DC33CC100EF2F28 /* TweetTableViewCell.swift in Sources */ = {isa = PBXBuildFile; fileRef = 996A1DA41DC33CC100EF2F28 /* TweetTableViewCell.swift */; };
		997FCB091DC4EFF0007A82EB /* String+Extension.swift in Sources */ = {isa = PBXBuildFile; fileRef = 997FCB081DC4EFF0007A82EB /* String+Extension.swift */; };
		99A7D3431DBE3BEA001EBB28 /* AppDelegate.swift in Sources */ = {isa = PBXBuildFile; fileRef = 99A7D3421DBE3BEA001EBB28 /* AppDelegate.swift */; };
		99A7D3451DBE3BEA001EBB28 /* LoginViewController.swift in Sources */ = {isa = PBXBuildFile; fileRef = 99A7D3441DBE3BEA001EBB28 /* LoginViewController.swift */; };
		99A7D3481DBE3BEA001EBB28 /* Main.storyboard in Resources */ = {isa = PBXBuildFile; fileRef = 99A7D3461DBE3BEA001EBB28 /* Main.storyboard */; };
		99A7D34A1DBE3BEA001EBB28 /* Assets.xcassets in Resources */ = {isa = PBXBuildFile; fileRef = 99A7D3491DBE3BEA001EBB28 /* Assets.xcassets */; };
		99A7D34D1DBE3BEA001EBB28 /* LaunchScreen.storyboard in Resources */ = {isa = PBXBuildFile; fileRef = 99A7D34B1DBE3BEA001EBB28 /* LaunchScreen.storyboard */; };
		99D84D0B1DC0D10C006923DE /* MainViewController.swift in Sources */ = {isa = PBXBuildFile; fileRef = 99D84D0A1DC0D10C006923DE /* MainViewController.swift */; };
		D3981D2F02710C2721ABC071 /* Pods_Twitter.framework in Frameworks */ = {isa = PBXBuildFile; fileRef = 927AC6BC89993964E7499AFF /* Pods_Twitter.framework */; };
/* End PBXBuildFile section */

/* Begin PBXFileReference section */
		1CCD3DE36354158C04EF166F /* Pods-Twitter.release.xcconfig */ = {isa = PBXFileReference; includeInIndex = 1; lastKnownFileType = text.xcconfig; name = "Pods-Twitter.release.xcconfig"; path = "Pods/Target Support Files/Pods-Twitter/Pods-Twitter.release.xcconfig"; sourceTree = "<group>"; };
		927AC6BC89993964E7499AFF /* Pods_Twitter.framework */ = {isa = PBXFileReference; explicitFileType = wrapper.framework; includeInIndex = 0; path = Pods_Twitter.framework; sourceTree = BUILT_PRODUCTS_DIR; };
		99204B721DBE4B28001FF121 /* Tweet.swift */ = {isa = PBXFileReference; fileEncoding = 4; lastKnownFileType = sourcecode.swift; path = Tweet.swift; sourceTree = "<group>"; };
		9937FD741DC58DBC00D55464 /* TweetDetailViewController.swift */ = {isa = PBXFileReference; fileEncoding = 4; lastKnownFileType = sourcecode.swift; path = TweetDetailViewController.swift; sourceTree = "<group>"; };
		9937FD761DC5982900D55464 /* NewTweetViewController.swift */ = {isa = PBXFileReference; fileEncoding = 4; lastKnownFileType = sourcecode.swift; path = NewTweetViewController.swift; sourceTree = "<group>"; };
		995952E91DBF904E00FD765A /* User.swift */ = {isa = PBXFileReference; fileEncoding = 4; lastKnownFileType = sourcecode.swift; path = User.swift; sourceTree = "<group>"; };
		995952EB1DBF95A700FD765A /* TwitterClient.swift */ = {isa = PBXFileReference; fileEncoding = 4; lastKnownFileType = sourcecode.swift; path = TwitterClient.swift; sourceTree = "<group>"; };
		996A1DA41DC33CC100EF2F28 /* TweetTableViewCell.swift */ = {isa = PBXFileReference; fileEncoding = 4; lastKnownFileType = sourcecode.swift; path = TweetTableViewCell.swift; sourceTree = "<group>"; };
		997FCB081DC4EFF0007A82EB /* String+Extension.swift */ = {isa = PBXFileReference; fileEncoding = 4; lastKnownFileType = sourcecode.swift; path = "String+Extension.swift"; sourceTree = "<group>"; };
		99A7D33F1DBE3BEA001EBB28 /* Twitter.app */ = {isa = PBXFileReference; explicitFileType = wrapper.application; includeInIndex = 0; path = Twitter.app; sourceTree = BUILT_PRODUCTS_DIR; };
		99A7D3421DBE3BEA001EBB28 /* AppDelegate.swift */ = {isa = PBXFileReference; lastKnownFileType = sourcecode.swift; path = AppDelegate.swift; sourceTree = "<group>"; };
		99A7D3441DBE3BEA001EBB28 /* LoginViewController.swift */ = {isa = PBXFileReference; lastKnownFileType = sourcecode.swift; path = LoginViewController.swift; sourceTree = "<group>"; };
		99A7D3471DBE3BEA001EBB28 /* Base */ = {isa = PBXFileReference; lastKnownFileType = file.storyboard; name = Base; path = Base.lproj/Main.storyboard; sourceTree = "<group>"; };
		99A7D3491DBE3BEA001EBB28 /* Assets.xcassets */ = {isa = PBXFileReference; lastKnownFileType = folder.assetcatalog; path = Assets.xcassets; sourceTree = "<group>"; };
		99A7D34C1DBE3BEA001EBB28 /* Base */ = {isa = PBXFileReference; lastKnownFileType = file.storyboard; name = Base; path = Base.lproj/LaunchScreen.storyboard; sourceTree = "<group>"; };
		99A7D34E1DBE3BEA001EBB28 /* Info.plist */ = {isa = PBXFileReference; lastKnownFileType = text.plist.xml; path = Info.plist; sourceTree = "<group>"; };
		99D84D0A1DC0D10C006923DE /* MainViewController.swift */ = {isa = PBXFileReference; fileEncoding = 4; lastKnownFileType = sourcecode.swift; path = MainViewController.swift; sourceTree = "<group>"; };
		BD1B59CC06DDE8B6EE59705B /* Pods-Twitter.debug.xcconfig */ = {isa = PBXFileReference; includeInIndex = 1; lastKnownFileType = text.xcconfig; name = "Pods-Twitter.debug.xcconfig"; path = "Pods/Target Support Files/Pods-Twitter/Pods-Twitter.debug.xcconfig"; sourceTree = "<group>"; };
/* End PBXFileReference section */

/* Begin PBXFrameworksBuildPhase section */
		99A7D33C1DBE3BEA001EBB28 /* Frameworks */ = {
			isa = PBXFrameworksBuildPhase;
			buildActionMask = 2147483647;
			files = (
				D3981D2F02710C2721ABC071 /* Pods_Twitter.framework in Frameworks */,
			);
			runOnlyForDeploymentPostprocessing = 0;
		};
/* End PBXFrameworksBuildPhase section */

/* Begin PBXGroup section */
		099F194D7F80155CBA9AE788 /* Frameworks */ = {
			isa = PBXGroup;
			children = (
				927AC6BC89993964E7499AFF /* Pods_Twitter.framework */,
			);
			name = Frameworks;
			sourceTree = "<group>";
		};
		86A95A5F3C184C57883AFD50 /* Pods */ = {
			isa = PBXGroup;
			children = (
				BD1B59CC06DDE8B6EE59705B /* Pods-Twitter.debug.xcconfig */,
				1CCD3DE36354158C04EF166F /* Pods-Twitter.release.xcconfig */,
			);
			name = Pods;
			sourceTree = "<group>";
		};
		99204B6F1DBE4A1F001FF121 /* Controller */ = {
			isa = PBXGroup;
			children = (
				99A7D3441DBE3BEA001EBB28 /* LoginViewController.swift */,
				99D84D0A1DC0D10C006923DE /* MainViewController.swift */,
				9937FD741DC58DBC00D55464 /* TweetDetailViewController.swift */,
				9937FD761DC5982900D55464 /* NewTweetViewController.swift */,
			);
			name = Controller;
			sourceTree = "<group>";
		};
		99204B701DBE4A2E001FF121 /* Service */ = {
			isa = PBXGroup;
			children = (
				995952EB1DBF95A700FD765A /* TwitterClient.swift */,
			);
			name = Service;
			sourceTree = "<group>";
		};
		99204B711DBE4A43001FF121 /* Model */ = {
			isa = PBXGroup;
			children = (
				99204B721DBE4B28001FF121 /* Tweet.swift */,
				995952E91DBF904E00FD765A /* User.swift */,
			);
			name = Model;
			sourceTree = "<group>";
		};
		996A1DA31DC33C9D00EF2F28 /* View */ = {
			isa = PBXGroup;
			children = (
				996A1DA41DC33CC100EF2F28 /* TweetTableViewCell.swift */,
			);
			name = View;
			sourceTree = "<group>";
		};
		997FCB051DC4EFAC007A82EB /* Utils */ = {
			isa = PBXGroup;
			children = (
				997FCB081DC4EFF0007A82EB /* String+Extension.swift */,
			);
			name = Utils;
			sourceTree = "<group>";
		};
		99A7D3361DBE3BEA001EBB28 = {
			isa = PBXGroup;
			children = (
				99A7D3411DBE3BEA001EBB28 /* Twitter */,
				99A7D3401DBE3BEA001EBB28 /* Products */,
				86A95A5F3C184C57883AFD50 /* Pods */,
				099F194D7F80155CBA9AE788 /* Frameworks */,
			);
			sourceTree = "<group>";
		};
		99A7D3401DBE3BEA001EBB28 /* Products */ = {
			isa = PBXGroup;
			children = (
				99A7D33F1DBE3BEA001EBB28 /* Twitter.app */,
			);
			name = Products;
			sourceTree = "<group>";
		};
		99A7D3411DBE3BEA001EBB28 /* Twitter */ = {
			isa = PBXGroup;
			children = (
				997FCB051DC4EFAC007A82EB /* Utils */,
				996A1DA31DC33C9D00EF2F28 /* View */,
				99204B711DBE4A43001FF121 /* Model */,
				99204B701DBE4A2E001FF121 /* Service */,
				99204B6F1DBE4A1F001FF121 /* Controller */,
				99A7D3421DBE3BEA001EBB28 /* AppDelegate.swift */,
				99A7D3461DBE3BEA001EBB28 /* Main.storyboard */,
				99A7D3491DBE3BEA001EBB28 /* Assets.xcassets */,
				99A7D34B1DBE3BEA001EBB28 /* LaunchScreen.storyboard */,
				99A7D34E1DBE3BEA001EBB28 /* Info.plist */,
			);
			path = Twitter;
			sourceTree = "<group>";
		};
/* End PBXGroup section */

/* Begin PBXNativeTarget section */
		99A7D33E1DBE3BEA001EBB28 /* Twitter */ = {
			isa = PBXNativeTarget;
			buildConfigurationList = 99A7D3511DBE3BEA001EBB28 /* Build configuration list for PBXNativeTarget "Twitter" */;
			buildPhases = (
				0AE57CEDBE8259E4ABE1915D /* [CP] Check Pods Manifest.lock */,
				99A7D33B1DBE3BEA001EBB28 /* Sources */,
				99A7D33C1DBE3BEA001EBB28 /* Frameworks */,
				99A7D33D1DBE3BEA001EBB28 /* Resources */,
				38B90AC045E7436A3F338172 /* [CP] Embed Pods Frameworks */,
				BC49B181B194B12508E3301E /* [CP] Copy Pods Resources */,
			);
			buildRules = (
			);
			dependencies = (
			);
			name = Twitter;
			productName = Twitter;
			productReference = 99A7D33F1DBE3BEA001EBB28 /* Twitter.app */;
			productType = "com.apple.product-type.application";
		};
/* End PBXNativeTarget section */

/* Begin PBXProject section */
		99A7D3371DBE3BEA001EBB28 /* Project object */ = {
			isa = PBXProject;
			attributes = {
				LastSwiftUpdateCheck = 0800;
				LastUpgradeCheck = 0800;
				ORGANIZATIONNAME = liemlyquan;
				TargetAttributes = {
					99A7D33E1DBE3BEA001EBB28 = {
						CreatedOnToolsVersion = 8.0;
						DevelopmentTeam = C4K2QZSFW6;
						ProvisioningStyle = Automatic;
					};
				};
			};
			buildConfigurationList = 99A7D33A1DBE3BEA001EBB28 /* Build configuration list for PBXProject "Twitter" */;
			compatibilityVersion = "Xcode 3.2";
			developmentRegion = English;
			hasScannedForEncodings = 0;
			knownRegions = (
				en,
				Base,
			);
			mainGroup = 99A7D3361DBE3BEA001EBB28;
			productRefGroup = 99A7D3401DBE3BEA001EBB28 /* Products */;
			projectDirPath = "";
			projectRoot = "";
			targets = (
				99A7D33E1DBE3BEA001EBB28 /* Twitter */,
			);
		};
/* End PBXProject section */

/* Begin PBXResourcesBuildPhase section */
		99A7D33D1DBE3BEA001EBB28 /* Resources */ = {
			isa = PBXResourcesBuildPhase;
			buildActionMask = 2147483647;
			files = (
				99A7D34D1DBE3BEA001EBB28 /* LaunchScreen.storyboard in Resources */,
				99A7D34A1DBE3BEA001EBB28 /* Assets.xcassets in Resources */,
				99A7D3481DBE3BEA001EBB28 /* Main.storyboard in Resources */,
			);
			runOnlyForDeploymentPostprocessing = 0;
		};
/* End PBXResourcesBuildPhase section */

/* Begin PBXShellScriptBuildPhase section */
		0AE57CEDBE8259E4ABE1915D /* [CP] Check Pods Manifest.lock */ = {
			isa = PBXShellScriptBuildPhase;
			buildActionMask = 2147483647;
			files = (
			);
			inputPaths = (
			);
			name = "[CP] Check Pods Manifest.lock";
			outputPaths = (
			);
			runOnlyForDeploymentPostprocessing = 0;
			shellPath = /bin/sh;
			shellScript = "diff \"${PODS_ROOT}/../Podfile.lock\" \"${PODS_ROOT}/Manifest.lock\" > /dev/null\nif [ $? != 0 ] ; then\n    # print error to STDERR\n    echo \"error: The sandbox is not in sync with the Podfile.lock. Run 'pod install' or update your CocoaPods installation.\" >&2\n    exit 1\nfi\n";
			showEnvVarsInLog = 0;
		};
		38B90AC045E7436A3F338172 /* [CP] Embed Pods Frameworks */ = {
			isa = PBXShellScriptBuildPhase;
			buildActionMask = 2147483647;
			files = (
			);
			inputPaths = (
			);
			name = "[CP] Embed Pods Frameworks";
			outputPaths = (
			);
			runOnlyForDeploymentPostprocessing = 0;
			shellPath = /bin/sh;
			shellScript = "\"${SRCROOT}/Pods/Target Support Files/Pods-Twitter/Pods-Twitter-frameworks.sh\"\n";
			showEnvVarsInLog = 0;
		};
		BC49B181B194B12508E3301E /* [CP] Copy Pods Resources */ = {
			isa = PBXShellScriptBuildPhase;
			buildActionMask = 2147483647;
			files = (
			);
			inputPaths = (
			);
			name = "[CP] Copy Pods Resources";
			outputPaths = (
			);
			runOnlyForDeploymentPostprocessing = 0;
			shellPath = /bin/sh;
			shellScript = "\"${SRCROOT}/Pods/Target Support Files/Pods-Twitter/Pods-Twitter-resources.sh\"\n";
			showEnvVarsInLog = 0;
		};
/* End PBXShellScriptBuildPhase section */

/* Begin PBXSourcesBuildPhase section */
		99A7D33B1DBE3BEA001EBB28 /* Sources */ = {
			isa = PBXSourcesBuildPhase;
			buildActionMask = 2147483647;
			files = (
				995952EC1DBF95A700FD765A /* TwitterClient.swift in Sources */,
				997FCB091DC4EFF0007A82EB /* String+Extension.swift in Sources */,
				9937FD751DC58DBC00D55464 /* TweetDetailViewController.swift in Sources */,
				995952EA1DBF904E00FD765A /* User.swift in Sources */,
				99204B731DBE4B28001FF121 /* Tweet.swift in Sources */,
				99D84D0B1DC0D10C006923DE /* MainViewController.swift in Sources */,
				99A7D3451DBE3BEA001EBB28 /* LoginViewController.swift in Sources */,
				99A7D3431DBE3BEA001EBB28 /* AppDelegate.swift in Sources */,
				996A1DA51DC33CC100EF2F28 /* TweetTableViewCell.swift in Sources */,
				9937FD771DC5982900D55464 /* NewTweetViewController.swift in Sources */,
			);
			runOnlyForDeploymentPostprocessing = 0;
		};
/* End PBXSourcesBuildPhase section */

/* Begin PBXVariantGroup section */
		99A7D3461DBE3BEA001EBB28 /* Main.storyboard */ = {
			isa = PBXVariantGroup;
			children = (
				99A7D3471DBE3BEA001EBB28 /* Base */,
			);
			name = Main.storyboard;
			sourceTree = "<group>";
		};
		99A7D34B1DBE3BEA001EBB28 /* LaunchScreen.storyboard */ = {
			isa = PBXVariantGroup;
			children = (
				99A7D34C1DBE3BEA001EBB28 /* Base */,
			);
			name = LaunchScreen.storyboard;
			sourceTree = "<group>";
		};
/* End PBXVariantGroup section */

/* Begin XCBuildConfiguration section */
		99A7D34F1DBE3BEA001EBB28 /* Debug */ = {
			isa = XCBuildConfiguration;
			buildSettings = {
				ALWAYS_SEARCH_USER_PATHS = NO;
				CLANG_ANALYZER_NONNULL = YES;
				CLANG_CXX_LANGUAGE_STANDARD = "gnu++0x";
				CLANG_CXX_LIBRARY = "libc++";
				CLANG_ENABLE_MODULES = YES;
				CLANG_ENABLE_OBJC_ARC = YES;
				CLANG_WARN_BOOL_CONVERSION = YES;
				CLANG_WARN_CONSTANT_CONVERSION = YES;
				CLANG_WARN_DIRECT_OBJC_ISA_USAGE = YES_ERROR;
				CLANG_WARN_DOCUMENTATION_COMMENTS = YES;
				CLANG_WARN_EMPTY_BODY = YES;
				CLANG_WARN_ENUM_CONVERSION = YES;
				CLANG_WARN_INFINITE_RECURSION = YES;
				CLANG_WARN_INT_CONVERSION = YES;
				CLANG_WARN_OBJC_ROOT_CLASS = YES_ERROR;
				CLANG_WARN_SUSPICIOUS_MOVE = YES;
				CLANG_WARN_SUSPICIOUS_MOVES = YES;
				CLANG_WARN_UNREACHABLE_CODE = YES;
				CLANG_WARN__DUPLICATE_METHOD_MATCH = YES;
				"CODE_SIGN_IDENTITY[sdk=iphoneos*]" = "iPhone Developer";
				COPY_PHASE_STRIP = NO;
				DEBUG_INFORMATION_FORMAT = dwarf;
				ENABLE_STRICT_OBJC_MSGSEND = YES;
				ENABLE_TESTABILITY = YES;
				GCC_C_LANGUAGE_STANDARD = gnu99;
				GCC_DYNAMIC_NO_PIC = NO;
				GCC_NO_COMMON_BLOCKS = YES;
				GCC_OPTIMIZATION_LEVEL = 0;
				GCC_PREPROCESSOR_DEFINITIONS = (
					"DEBUG=1",
					"$(inherited)",
				);
				GCC_WARN_64_TO_32_BIT_CONVERSION = YES;
				GCC_WARN_ABOUT_RETURN_TYPE = YES_ERROR;
				GCC_WARN_UNDECLARED_SELECTOR = YES;
				GCC_WARN_UNINITIALIZED_AUTOS = YES_AGGRESSIVE;
				GCC_WARN_UNUSED_FUNCTION = YES;
				GCC_WARN_UNUSED_VARIABLE = YES;
				IPHONEOS_DEPLOYMENT_TARGET = 10.0;
				MTL_ENABLE_DEBUG_INFO = YES;
				ONLY_ACTIVE_ARCH = YES;
				SDKROOT = iphoneos;
				SWIFT_ACTIVE_COMPILATION_CONDITIONS = DEBUG;
				SWIFT_OPTIMIZATION_LEVEL = "-Onone";
			};
			name = Debug;
		};
		99A7D3501DBE3BEA001EBB28 /* Release */ = {
			isa = XCBuildConfiguration;
			buildSettings = {
				ALWAYS_SEARCH_USER_PATHS = NO;
				CLANG_ANALYZER_NONNULL = YES;
				CLANG_CXX_LANGUAGE_STANDARD = "gnu++0x";
				CLANG_CXX_LIBRARY = "libc++";
				CLANG_ENABLE_MODULES = YES;
				CLANG_ENABLE_OBJC_ARC = YES;
				CLANG_WARN_BOOL_CONVERSION = YES;
				CLANG_WARN_CONSTANT_CONVERSION = YES;
				CLANG_WARN_DIRECT_OBJC_ISA_USAGE = YES_ERROR;
				CLANG_WARN_DOCUMENTATION_COMMENTS = YES;
				CLANG_WARN_EMPTY_BODY = YES;
				CLANG_WARN_ENUM_CONVERSION = YES;
				CLANG_WARN_INFINITE_RECURSION = YES;
				CLANG_WARN_INT_CONVERSION = YES;
				CLANG_WARN_OBJC_ROOT_CLASS = YES_ERROR;
				CLANG_WARN_SUSPICIOUS_MOVE = YES;
				CLANG_WARN_SUSPICIOUS_MOVES = YES;
				CLANG_WARN_UNREACHABLE_CODE = YES;
				CLANG_WARN__DUPLICATE_METHOD_MATCH = YES;
				"CODE_SIGN_IDENTITY[sdk=iphoneos*]" = "iPhone Developer";
				COPY_PHASE_STRIP = NO;
				DEBUG_INFORMATION_FORMAT = "dwarf-with-dsym";
				ENABLE_NS_ASSERTIONS = NO;
				ENABLE_STRICT_OBJC_MSGSEND = YES;
				GCC_C_LANGUAGE_STANDARD = gnu99;
				GCC_NO_COMMON_BLOCKS = YES;
				GCC_WARN_64_TO_32_BIT_CONVERSION = YES;
				GCC_WARN_ABOUT_RETURN_TYPE = YES_ERROR;
				GCC_WARN_UNDECLARED_SELECTOR = YES;
				GCC_WARN_UNINITIALIZED_AUTOS = YES_AGGRESSIVE;
				GCC_WARN_UNUSED_FUNCTION = YES;
				GCC_WARN_UNUSED_VARIABLE = YES;
				IPHONEOS_DEPLOYMENT_TARGET = 10.0;
				MTL_ENABLE_DEBUG_INFO = NO;
				SDKROOT = iphoneos;
				SWIFT_OPTIMIZATION_LEVEL = "-Owholemodule";
				VALIDATE_PRODUCT = YES;
			};
			name = Release;
		};
		99A7D3521DBE3BEA001EBB28 /* Debug */ = {
			isa = XCBuildConfiguration;
			baseConfigurationReference = BD1B59CC06DDE8B6EE59705B /* Pods-Twitter.debug.xcconfig */;
			buildSettings = {
				ALWAYS_EMBED_SWIFT_STANDARD_LIBRARIES = YES;
				ASSETCATALOG_COMPILER_APPICON_NAME = AppIcon;
				DEVELOPMENT_TEAM = C4K2QZSFW6;
				INFOPLIST_FILE = Twitter/Info.plist;
				LD_RUNPATH_SEARCH_PATHS = "$(inherited) @executable_path/Frameworks";
				PRODUCT_BUNDLE_IDENTIFIER = me.liemly.Twitter;
				PRODUCT_NAME = "$(TARGET_NAME)";
				SWIFT_VERSION = 3.0;
			};
			name = Debug;
		};
		99A7D3531DBE3BEA001EBB28 /* Release */ = {
			isa = XCBuildConfiguration;
			baseConfigurationReference = 1CCD3DE36354158C04EF166F /* Pods-Twitter.release.xcconfig */;
			buildSettings = {
				ALWAYS_EMBED_SWIFT_STANDARD_LIBRARIES = YES;
				ASSETCATALOG_COMPILER_APPICON_NAME = AppIcon;
				DEVELOPMENT_TEAM = C4K2QZSFW6;
				INFOPLIST_FILE = Twitter/Info.plist;
				LD_RUNPATH_SEARCH_PATHS = "$(inherited) @executable_path/Frameworks";
				PRODUCT_BUNDLE_IDENTIFIER = me.liemly.Twitter;
				PRODUCT_NAME = "$(TARGET_NAME)";
				SWIFT_VERSION = 3.0;
			};
			name = Release;
		};
/* End XCBuildConfiguration section */

/* Begin XCConfigurationList section */
		99A7D33A1DBE3BEA001EBB28 /* Build configuration list for PBXProject "Twitter" */ = {
			isa = XCConfigurationList;
			buildConfigurations = (
				99A7D34F1DBE3BEA001EBB28 /* Debug */,
				99A7D3501DBE3BEA001EBB28 /* Release */,
			);
			defaultConfigurationIsVisible = 0;
			defaultConfigurationName = Release;
		};
		99A7D3511DBE3BEA001EBB28 /* Build configuration list for PBXNativeTarget "Twitter" */ = {
			isa = XCConfigurationList;
			buildConfigurations = (
				99A7D3521DBE3BEA001EBB28 /* Debug */,
				99A7D3531DBE3BEA001EBB28 /* Release */,
			);
			defaultConfigurationIsVisible = 0;
			defaultConfigurationName = Release;
		};
/* End XCConfigurationList section */
	};
	rootObject = 99A7D3371DBE3BEA001EBB28 /* Project object */;
}
